<?xml version="1.0" encoding="UTF-8" standalone="yes" ?>
<CodeBlocks_project_file>
	<FileVersion major="1" minor="6" />
	<Project>
		<Option title="ProjectEuler" />
		<Option pch_mode="2" />
		<Option compiler="gcc" />
		<Build>
			<Target title="Debug">
				<Option output="bin\Debug\ProjectEuler" prefix_auto="1" extension_auto="1" />
				<Option object_output="obj\Debug\" />
				<Option type="1" />
				<Option compiler="gcc" />
				<Compiler>
					<Add option="-g" />
				</Compiler>
			</Target>
			<Target title="Release">
				<Option output="bin\Release\ProjectEuler" prefix_auto="1" extension_auto="1" />
				<Option object_output="obj\Release\" />
				<Option type="1" />
				<Option compiler="gcc" />
				<Compiler>
					<Add option="-O2" />
				</Compiler>
				<Linker>
					<Add option="-s" />
				</Linker>
			</Target>
		</Build>
		<Compiler>
			<Add option="-Wall" />
			<Add option="-fexceptions" />
		</Compiler>
		<Unit filename="main.cpp" />
		<Unit filename="problems\problem_10.cpp" />
		<Unit filename="problems\problem_10.hpp" />
		<Unit filename="problems\problem_11.cpp" />
		<Unit filename="problems\problem_11.hpp" />
		<Unit filename="problems\problem_12.cpp" />
		<Unit filename="problems\problem_12.hpp" />
		<Unit filename="problems\problem_13.cpp" />
		<Unit filename="problems\problem_13.hpp" />
		<Unit filename="problems\problem_14.cpp" />
		<Unit filename="problems\problem_14.hpp" />
		<Unit filename="problems\problem_15.cpp" />
		<Unit filename="problems\problem_15.hpp" />
		<Unit filename="problems\problem_16.cpp" />
		<Unit filename="problems\problem_16.hpp" />
		<Unit filename="problems\problem_17.cpp" />
		<Unit filename="problems\problem_17.hpp" />
		<Unit filename="problems\problem_18.cpp" />
		<Unit filename="problems\problem_18.hpp" />
		<Unit filename="problems\problem_19.cpp" />
		<Unit filename="problems\problem_19.hpp" />
		<Unit filename="problems\problem_2.cpp" />
		<Unit filename="problems\problem_2.hpp" />
		<Unit filename="problems\problem_20.cpp" />
		<Unit filename="problems\problem_20.hpp" />
		<Unit filename="problems\problem_21.cpp" />
		<Unit filename="problems\problem_21.hpp" />
		<Unit filename="problems\problem_22.cpp" />
		<Unit filename="problems\problem_22.hpp" />
		<Unit filename="problems\problem_23.cpp" />
		<Unit filename="problems\problem_23.hpp" />
		<Unit filename="problems\problem_24.cpp" />
		<Unit filename="problems\problem_24.hpp" />
		<Unit filename="problems\problem_25.cpp" />
		<Unit filename="problems\problem_25.hpp" />
		<Unit filename="problems\problem_26.cpp" />
		<Unit filename="problems\problem_26.hpp" />
		<Unit filename="problems\problem_27.cpp" />
		<Unit filename="problems\problem_27.hpp" />
		<Unit filename="problems\problem_28.cpp" />
		<Unit filename="problems\problem_28.hpp" />
		<Unit filename="problems\problem_29.cpp" />
		<Unit filename="problems\problem_29.hpp" />
		<Unit filename="problems\problem_3.cpp" />
		<Unit filename="problems\problem_3.hpp" />
		<Unit filename="problems\problem_30.cpp" />
		<Unit filename="problems\problem_30.hpp" />
		<Unit filename="problems\problem_31.cpp" />
		<Unit filename="problems\problem_31.hpp" />
		<Unit filename="problems\problem_32.cpp" />
		<Unit filename="problems\problem_32.hpp" />
		<Unit filename="problems\problem_33.cpp" />
		<Unit filename="problems\problem_33.hpp" />
		<Unit filename="problems\problem_34.cpp" />
		<Unit filename="problems\problem_34.hpp" />
		<Unit filename="problems\problem_35.cpp" />
		<Unit filename="problems\problem_35.hpp" />
		<Unit filename="problems\problem_36.cpp" />
		<Unit filename="problems\problem_36.hpp" />
		<Unit filename="problems\problem_37.cpp" />
		<Unit filename="problems\problem_37.hpp" />
		<Unit filename="problems\problem_38.cpp" />
		<Unit filename="problems\problem_38.hpp" />
		<Unit filename="problems\problem_4.cpp" />
		<Unit filename="problems\problem_4.hpp" />
		<Unit filename="problems\problem_40.cpp" />
		<Unit filename="problems\problem_40.hpp" />
		<Unit filename="problems\problem_41.cpp" />
		<Unit filename="problems\problem_41.hpp" />
		<Unit filename="problems\problem_7.cpp" />
		<Unit filename="problems\problem_7.hpp" />
		<Unit filename="problems\problem_8.cpp" />
		<Unit filename="problems\problem_8.hpp" />
		<Unit filename="problems\problem_9.cpp" />
		<Unit filename="problems\problem_9.hpp" />
		<Extensions>
			<code_completion />
			<envvars />
			<debugger />
			<lib_finder disable_auto="1" />
		</Extensions>
	</Project>
</CodeBlocks_project_file>
